
Microsoft Visual Studio Solution File, Format Version 12.00
# Visual Studio Version 17
VisualStudioVersion = 17.1.32328.378
MinimumVisualStudioVersion = 10.0.40219.1
Project("{9A19103F-16F7-4668-BE54-9A1E7A4F7556}") = "AudioBookScrapper", "AudioBookScrapper\AudioBookScrapper.csproj", "{0E326545-8A65-464D-9054-B5B95CFC4E57}"
EndProject
Project("{FAE04EC0-301F-11D3-BF4B-00C04F79EFBC}") = "ConsoleBookPlayer", "Test\ConsoleBookPlayer.csproj", "{B5F22116-0CBB-427D-8E6A-0FA6233BA02D}"
EndProject
Global
	GlobalSection(SolutionConfigurationPlatforms) = preSolution
		Debug|Any CPU = Debug|Any CPU
		Release|Any CPU = Release|Any CPU
	EndGlobalSection
	GlobalSection(ProjectConfigurationPlatforms) = postSolution
		{0E326545-8A65-464D-9054-B5B95CFC4E57}.Debug|Any CPU.ActiveCfg = Debug|Any CPU
		{0E326545-8A65-464D-9054-B5B95CFC4E57}.Debug|Any CPU.Build.0 = Debug|Any CPU
		{0E326545-8A65-464D-9054-B5B95CFC4E57}.Release|Any CPU.ActiveCfg = Release|Any CPU
		{0E326545-8A65-464D-9054-B5B95CFC4E57}.Release|Any CPU.Build.0 = Release|Any CPU
		{B5F22116-0CBB-427D-8E6A-0FA6233BA02D}.Debug|Any CPU.ActiveCfg = Debug|Any CPU
		{B5F22116-0CBB-427D-8E6A-0FA6233BA02D}.Debug|Any CPU.Build.0 = Debug|Any CPU
		{B5F22116-0CBB-427D-8E6A-0FA6233BA02D}.Release|Any CPU.ActiveCfg = Release|Any CPU
		{B5F22116-0CBB-427D-8E6A-0FA6233BA02D}.Release|Any CPU.Build.0 = Release|Any CPU
	EndGlobalSection
	GlobalSection(SolutionProperties) = preSolution
		HideSolutionNode = FALSE
	EndGlobalSection
	GlobalSection(ExtensibilityGlobals) = postSolution
		SolutionGuid = {669C052C-0C8F-413E-81E5-4EF05EDC4EC9}
	EndGlobalSection
EndGlobal
